// !$*UTF8*$!
{
	archiveVersion = 1;
	classes = {
	};
	objectVersion = 46;
	objects = {

/* Begin PBXAggregateTarget section */
		37F9D60314DFC7B100DA4B70 /* Stack Exchange Notifier DMG */ = {
			isa = PBXAggregateTarget;
			buildConfigurationList = 37F9D60414DFC7B100DA4B70 /* Build configuration list for PBXAggregateTarget "Stack Exchange Notifier DMG" */;
			buildPhases = (
				37F9D60714DFC7D800DA4B70 /* ShellScript */,
			);
			dependencies = (
			);
			name = "Stack Exchange Notifier DMG";
			productName = "Stack Exchange Notifier DMG";
		};
/* End PBXAggregateTarget section */

/* Begin PBXBuildFile section */
		2A00B0262560EB57007DD071 /* Assets.xcassets in Resources */ = {isa = PBXBuildFile; fileRef = 2A00B0252560EB57007DD071 /* Assets.xcassets */; };
		37250416152F9D2100D5193A /* icon.icns in Resources */ = {isa = PBXBuildFile; fileRef = 37250415152F9D2100D5193A /* icon.icns */; };
		3735B1BD14D3CF94002B0428 /* Cocoa.framework in Frameworks */ = {isa = PBXBuildFile; fileRef = 3735B1BC14D3CF94002B0428 /* Cocoa.framework */; };
		3735B1C714D3CF94002B0428 /* InfoPlist.strings in Resources */ = {isa = PBXBuildFile; fileRef = 3735B1C514D3CF94002B0428 /* InfoPlist.strings */; };
		3735B1C914D3CF94002B0428 /* main.m in Sources */ = {isa = PBXBuildFile; fileRef = 3735B1C814D3CF94002B0428 /* main.m */; };
		3735B1D014D3CF95002B0428 /* Stack_Exchange_NotifierAppDelegate.m in Sources */ = {isa = PBXBuildFile; fileRef = 3735B1CF14D3CF95002B0428 /* Stack_Exchange_NotifierAppDelegate.m */; };
		3735B1D314D3CF95002B0428 /* MainMenu.xib in Resources */ = {isa = PBXBuildFile; fileRef = 3735B1D114D3CF95002B0428 /* MainMenu.xib */; };
		3735B1F214D4B57A002B0428 /* WebKit.framework in Frameworks */ = {isa = PBXBuildFile; fileRef = 3735B1F114D4B57A002B0428 /* WebKit.framework */; };
		3735EA0916A692B10036E6D5 /* dsa_pub.pem in Resources */ = {isa = PBXBuildFile; fileRef = 3735EA0816A692B10036E6D5 /* dsa_pub.pem */; };
		37F9D60214DA7D2300DA4B70 /* Credits.html in Resources */ = {isa = PBXBuildFile; fileRef = 37F9D60114DA7D2300DA4B70 /* Credits.html */; };
		62467FBEFCEF0D87E6343159 /* Pods_Stack_Exchange_Notifier.framework in Frameworks */ = {isa = PBXBuildFile; fileRef = 231635F4376260399055BFB8 /* Pods_Stack_Exchange_Notifier.framework */; };
/* End PBXBuildFile section */

/* Begin PBXCopyFilesBuildPhase section */
		37F54B5514FCD8A2003F4E0D /* CopyFiles */ = {
			isa = PBXCopyFilesBuildPhase;
			buildActionMask = 2147483647;
			dstPath = "";
			dstSubfolderSpec = 10;
			files = (
			);
			runOnlyForDeploymentPostprocessing = 0;
		};
/* End PBXCopyFilesBuildPhase section */

/* Begin PBXFileReference section */
		15F0CA009232C3565938D142 /* Pods-Stack Exchange Notifier.debug.xcconfig */ = {isa = PBXFileReference; includeInIndex = 1; lastKnownFileType = text.xcconfig; name = "Pods-Stack Exchange Notifier.debug.xcconfig"; path = "Target Support Files/Pods-Stack Exchange Notifier/Pods-Stack Exchange Notifier.debug.xcconfig"; sourceTree = "<group>"; };
		231635F4376260399055BFB8 /* Pods_Stack_Exchange_Notifier.framework */ = {isa = PBXFileReference; explicitFileType = wrapper.framework; includeInIndex = 0; path = Pods_Stack_Exchange_Notifier.framework; sourceTree = BUILT_PRODUCTS_DIR; };
		2A00AFCF2560B323007DD071 /* Base */ = {isa = PBXFileReference; lastKnownFileType = file.xib; name = Base; path = Base.lproj/MainMenu.xib; sourceTree = "<group>"; };
		2A00AFD92560B6F8007DD071 /* appcast.xml */ = {isa = PBXFileReference; lastKnownFileType = text.xml; name = appcast.xml; path = "Stack Exchange Notifier/appcast.xml"; sourceTree = SOURCE_ROOT; };
		2A00AFDA2560B88E007DD071 /* Podfile */ = {isa = PBXFileReference; lastKnownFileType = text; name = Podfile; path = ../Podfile; sourceTree = "<group>"; xcLanguageSpecificationIdentifier = xcode.lang.ruby; };
		2A00B0252560EB57007DD071 /* Assets.xcassets */ = {isa = PBXFileReference; lastKnownFileType = folder.assetcatalog; path = Assets.xcassets; sourceTree = "<group>"; };
		37250415152F9D2100D5193A /* icon.icns */ = {isa = PBXFileReference; lastKnownFileType = image.icns; path = icon.icns; sourceTree = "<group>"; };
		3735B1B814D3CF94002B0428 /* Stack Exchange Notifier.app */ = {isa = PBXFileReference; explicitFileType = wrapper.application; includeInIndex = 0; path = "Stack Exchange Notifier.app"; sourceTree = BUILT_PRODUCTS_DIR; };
		3735B1BC14D3CF94002B0428 /* Cocoa.framework */ = {isa = PBXFileReference; lastKnownFileType = wrapper.framework; name = Cocoa.framework; path = System/Library/Frameworks/Cocoa.framework; sourceTree = SDKROOT; };
		3735B1BF14D3CF94002B0428 /* AppKit.framework */ = {isa = PBXFileReference; lastKnownFileType = wrapper.framework; name = AppKit.framework; path = System/Library/Frameworks/AppKit.framework; sourceTree = SDKROOT; };
		3735B1C014D3CF94002B0428 /* CoreData.framework */ = {isa = PBXFileReference; lastKnownFileType = wrapper.framework; name = CoreData.framework; path = System/Library/Frameworks/CoreData.framework; sourceTree = SDKROOT; };
		3735B1C114D3CF94002B0428 /* Foundation.framework */ = {isa = PBXFileReference; lastKnownFileType = wrapper.framework; name = Foundation.framework; path = System/Library/Frameworks/Foundation.framework; sourceTree = SDKROOT; };
		3735B1C414D3CF94002B0428 /* Stack Exchange Notifier-Info.plist */ = {isa = PBXFileReference; lastKnownFileType = text.plist.xml; path = "Stack Exchange Notifier-Info.plist"; sourceTree = "<group>"; };
		3735B1C614D3CF94002B0428 /* en */ = {isa = PBXFileReference; lastKnownFileType = text.plist.strings; name = en; path = en.lproj/InfoPlist.strings; sourceTree = "<group>"; };
		3735B1C814D3CF94002B0428 /* main.m */ = {isa = PBXFileReference; lastKnownFileType = sourcecode.c.objc; path = main.m; sourceTree = "<group>"; };
		3735B1CE14D3CF95002B0428 /* Stack_Exchange_NotifierAppDelegate.h */ = {isa = PBXFileReference; lastKnownFileType = sourcecode.c.h; path = Stack_Exchange_NotifierAppDelegate.h; sourceTree = "<group>"; };
		3735B1CF14D3CF95002B0428 /* Stack_Exchange_NotifierAppDelegate.m */ = {isa = PBXFileReference; lastKnownFileType = sourcecode.c.objc; path = Stack_Exchange_NotifierAppDelegate.m; sourceTree = "<group>"; };
		3735B1F114D4B57A002B0428 /* WebKit.framework */ = {isa = PBXFileReference; lastKnownFileType = wrapper.framework; name = WebKit.framework; path = System/Library/Frameworks/WebKit.framework; sourceTree = SDKROOT; };
		3735EA0816A692B10036E6D5 /* dsa_pub.pem */ = {isa = PBXFileReference; fileEncoding = 4; lastKnownFileType = text; path = dsa_pub.pem; sourceTree = "<group>"; };
		37F9D60114DA7D2300DA4B70 /* Credits.html */ = {isa = PBXFileReference; fileEncoding = 4; lastKnownFileType = text.html; path = Credits.html; sourceTree = "<group>"; };
		EC2D3145AA6B5DEA66C673A1 /* Pods-Stack Exchange Notifier.release.xcconfig */ = {isa = PBXFileReference; includeInIndex = 1; lastKnownFileType = text.xcconfig; name = "Pods-Stack Exchange Notifier.release.xcconfig"; path = "Target Support Files/Pods-Stack Exchange Notifier/Pods-Stack Exchange Notifier.release.xcconfig"; sourceTree = "<group>"; };
/* End PBXFileReference section */

/* Begin PBXFrameworksBuildPhase section */
		3735B1B514D3CF94002B0428 /* Frameworks */ = {
			isa = PBXFrameworksBuildPhase;
			buildActionMask = 2147483647;
			files = (
				3735B1F214D4B57A002B0428 /* WebKit.framework in Frameworks */,
				3735B1BD14D3CF94002B0428 /* Cocoa.framework in Frameworks */,
				62467FBEFCEF0D87E6343159 /* Pods_Stack_Exchange_Notifier.framework in Frameworks */,
			);
			runOnlyForDeploymentPostprocessing = 0;
		};
/* End PBXFrameworksBuildPhase section */

/* Begin PBXGroup section */
		3735B1AD14D3CF94002B0428 = {
			isa = PBXGroup;
			children = (
				3735B1C214D3CF94002B0428 /* Stack Exchange Notifier */,
				3735B1BB14D3CF94002B0428 /* Frameworks */,
				3735B1B914D3CF94002B0428 /* Products */,
				9B9D13CB8AF49C98D19E23DD /* Pods */,
			);
			sourceTree = "<group>";
		};
		3735B1B914D3CF94002B0428 /* Products */ = {
			isa = PBXGroup;
			children = (
				3735B1B814D3CF94002B0428 /* Stack Exchange Notifier.app */,
			);
			name = Products;
			sourceTree = "<group>";
		};
		3735B1BB14D3CF94002B0428 /* Frameworks */ = {
			isa = PBXGroup;
			children = (
				3735B1F114D4B57A002B0428 /* WebKit.framework */,
				3735B1BC14D3CF94002B0428 /* Cocoa.framework */,
				3735B1BE14D3CF94002B0428 /* Other Frameworks */,
				231635F4376260399055BFB8 /* Pods_Stack_Exchange_Notifier.framework */,
			);
			name = Frameworks;
			sourceTree = "<group>";
		};
		3735B1BE14D3CF94002B0428 /* Other Frameworks */ = {
			isa = PBXGroup;
			children = (
				3735B1BF14D3CF94002B0428 /* AppKit.framework */,
				3735B1C014D3CF94002B0428 /* CoreData.framework */,
				3735B1C114D3CF94002B0428 /* Foundation.framework */,
			);
			name = "Other Frameworks";
			sourceTree = "<group>";
		};
		3735B1C214D3CF94002B0428 /* Stack Exchange Notifier */ = {
			isa = PBXGroup;
			children = (
				3735B1CE14D3CF95002B0428 /* Stack_Exchange_NotifierAppDelegate.h */,
				3735B1CF14D3CF95002B0428 /* Stack_Exchange_NotifierAppDelegate.m */,
				37250415152F9D2100D5193A /* icon.icns */,
				3735B1D114D3CF95002B0428 /* MainMenu.xib */,
				2A00B0252560EB57007DD071 /* Assets.xcassets */,
				3735B1C314D3CF94002B0428 /* Supporting Files */,
			);
			path = "Stack Exchange Notifier";
			sourceTree = "<group>";
		};
		3735B1C314D3CF94002B0428 /* Supporting Files */ = {
			isa = PBXGroup;
			children = (
				2A00AFDA2560B88E007DD071 /* Podfile */,
				2A00AFD92560B6F8007DD071 /* appcast.xml */,
				3735EA0816A692B10036E6D5 /* dsa_pub.pem */,
				3735B1C414D3CF94002B0428 /* Stack Exchange Notifier-Info.plist */,
				3735B1C514D3CF94002B0428 /* InfoPlist.strings */,
				3735B1C814D3CF94002B0428 /* main.m */,
				37F9D60114DA7D2300DA4B70 /* Credits.html */,
			);
			name = "Supporting Files";
			sourceTree = "<group>";
		};
		9B9D13CB8AF49C98D19E23DD /* Pods */ = {
			isa = PBXGroup;
			children = (
				15F0CA009232C3565938D142 /* Pods-Stack Exchange Notifier.debug.xcconfig */,
				EC2D3145AA6B5DEA66C673A1 /* Pods-Stack Exchange Notifier.release.xcconfig */,
			);
			path = Pods;
			sourceTree = "<group>";
		};
/* End PBXGroup section */

/* Begin PBXNativeTarget section */
		3735B1B714D3CF94002B0428 /* Stack Exchange Notifier */ = {
			isa = PBXNativeTarget;
			buildConfigurationList = 3735B1EB14D3CF95002B0428 /* Build configuration list for PBXNativeTarget "Stack Exchange Notifier" */;
			buildPhases = (
				99971177C9D2FF2373190F9D /* [CP] Check Pods Manifest.lock */,
				3735B1B414D3CF94002B0428 /* Sources */,
				3735B1B514D3CF94002B0428 /* Frameworks */,
				3735B1B614D3CF94002B0428 /* Resources */,
				37F54B5514FCD8A2003F4E0D /* CopyFiles */,
				4ACA0152227E42E706F7A4F6 /* [CP] Embed Pods Frameworks */,
			);
			buildRules = (
			);
			dependencies = (
			);
			name = "Stack Exchange Notifier";
			productName = "Stack Exchange Notifier";
			productReference = 3735B1B814D3CF94002B0428 /* Stack Exchange Notifier.app */;
			productType = "com.apple.product-type.application";
		};
/* End PBXNativeTarget section */

/* Begin PBXProject section */
		3735B1AF14D3CF94002B0428 /* Project object */ = {
			isa = PBXProject;
			attributes = {
				LastUpgradeCheck = 1220;
			};
			buildConfigurationList = 3735B1B214D3CF94002B0428 /* Build configuration list for PBXProject "Stack Exchange Notifier" */;
			compatibilityVersion = "Xcode 3.2";
			developmentRegion = en;
			hasScannedForEncodings = 0;
			knownRegions = (
				en,
				Base,
			);
			mainGroup = 3735B1AD14D3CF94002B0428;
			productRefGroup = 3735B1B914D3CF94002B0428 /* Products */;
			projectDirPath = "";
			projectRoot = "";
			targets = (
				3735B1B714D3CF94002B0428 /* Stack Exchange Notifier */,
				37F9D60314DFC7B100DA4B70 /* Stack Exchange Notifier DMG */,
			);
		};
/* End PBXProject section */

/* Begin PBXResourcesBuildPhase section */
		3735B1B614D3CF94002B0428 /* Resources */ = {
			isa = PBXResourcesBuildPhase;
			buildActionMask = 2147483647;
			files = (
				3735B1C714D3CF94002B0428 /* InfoPlist.strings in Resources */,
				3735B1D314D3CF95002B0428 /* MainMenu.xib in Resources */,
				37F9D60214DA7D2300DA4B70 /* Credits.html in Resources */,
				37250416152F9D2100D5193A /* icon.icns in Resources */,
				2A00B0262560EB57007DD071 /* Assets.xcassets in Resources */,
				3735EA0916A692B10036E6D5 /* dsa_pub.pem in Resources */,
			);
			runOnlyForDeploymentPostprocessing = 0;
		};
/* End PBXResourcesBuildPhase section */

/* Begin PBXShellScriptBuildPhase section */
		37F9D60714DFC7D800DA4B70 /* ShellScript */ = {
			isa = PBXShellScriptBuildPhase;
			buildActionMask = 2147483647;
			files = (
			);
			inputPaths = (
			);
			outputPaths = (
			);
			runOnlyForDeploymentPostprocessing = 0;
			shellPath = /bin/sh;
			shellScript = "set -e\n\ndmg=\"$BUILT_PRODUCTS_DIR/`echo $PROJECT_NAME | tr A-Z' ' a-z-`.dmg\"\nrm $dmg\nhdiutil create -srcfolder \"$BUILT_PRODUCTS_DIR/$PROJECT_NAME.app\" $dmg\ncp $dmg ~/docs/hewgill.com/senotifier/\n";
		};
		4ACA0152227E42E706F7A4F6 /* [CP] Embed Pods Frameworks */ = {
			isa = PBXShellScriptBuildPhase;
			buildActionMask = 2147483647;
			files = (
			);
			inputPaths = (
				"${PODS_ROOT}/Target Support Files/Pods-Stack Exchange Notifier/Pods-Stack Exchange Notifier-frameworks.sh",
				"${BUILT_PRODUCTS_DIR}/DBGHTMLEntities/DBGHTMLEntities.framework",
				"${PODS_ROOT}/Sparkle/Sparkle.framework",
			);
			name = "[CP] Embed Pods Frameworks";
			outputPaths = (
				"${TARGET_BUILD_DIR}/${FRAMEWORKS_FOLDER_PATH}/DBGHTMLEntities.framework",
				"${TARGET_BUILD_DIR}/${FRAMEWORKS_FOLDER_PATH}/Sparkle.framework",
			);
			runOnlyForDeploymentPostprocessing = 0;
			shellPath = /bin/sh;
			shellScript = "\"${PODS_ROOT}/Target Support Files/Pods-Stack Exchange Notifier/Pods-Stack Exchange Notifier-frameworks.sh\"\n";
			showEnvVarsInLog = 0;
		};
		99971177C9D2FF2373190F9D /* [CP] Check Pods Manifest.lock */ = {
			isa = PBXShellScriptBuildPhase;
			buildActionMask = 2147483647;
			files = (
			);
			inputFileListPaths = (
			);
			inputPaths = (
				"${PODS_PODFILE_DIR_PATH}/Podfile.lock",
				"${PODS_ROOT}/Manifest.lock",
			);
			name = "[CP] Check Pods Manifest.lock";
			outputFileListPaths = (
			);
			outputPaths = (
				"$(DERIVED_FILE_DIR)/Pods-Stack Exchange Notifier-checkManifestLockResult.txt",
			);
			runOnlyForDeploymentPostprocessing = 0;
			shellPath = /bin/sh;
			shellScript = "diff \"${PODS_PODFILE_DIR_PATH}/Podfile.lock\" \"${PODS_ROOT}/Manifest.lock\" > /dev/null\nif [ $? != 0 ] ; then\n    # print error to STDERR\n    echo \"error: The sandbox is not in sync with the Podfile.lock. Run 'pod install' or update your CocoaPods installation.\" >&2\n    exit 1\nfi\n# This output is used by Xcode 'outputs' to avoid re-running this script phase.\necho \"SUCCESS\" > \"${SCRIPT_OUTPUT_FILE_0}\"\n";
			showEnvVarsInLog = 0;
		};
/* End PBXShellScriptBuildPhase section */

/* Begin PBXSourcesBuildPhase section */
		3735B1B414D3CF94002B0428 /* Sources */ = {
			isa = PBXSourcesBuildPhase;
			buildActionMask = 2147483647;
			files = (
				3735B1C914D3CF94002B0428 /* main.m in Sources */,
				3735B1D014D3CF95002B0428 /* Stack_Exchange_NotifierAppDelegate.m in Sources */,
			);
			runOnlyForDeploymentPostprocessing = 0;
		};
/* End PBXSourcesBuildPhase section */

/* Begin PBXVariantGroup section */
		3735B1C514D3CF94002B0428 /* InfoPlist.strings */ = {
			isa = PBXVariantGroup;
			children = (
				3735B1C614D3CF94002B0428 /* en */,
			);
			name = InfoPlist.strings;
			sourceTree = "<group>";
		};
		3735B1D114D3CF95002B0428 /* MainMenu.xib */ = {
			isa = PBXVariantGroup;
			children = (
				2A00AFCF2560B323007DD071 /* Base */,
			);
			name = MainMenu.xib;
			sourceTree = "<group>";
		};
/* End PBXVariantGroup section */

/* Begin XCBuildConfiguration section */
		3735B1E914D3CF95002B0428 /* Debug */ = {
			isa = XCBuildConfiguration;
			buildSettings = {
				ALWAYS_SEARCH_USER_PATHS = NO;
				CLANG_ANALYZER_LOCALIZABILITY_NONLOCALIZED = YES;
				CLANG_WARN_BLOCK_CAPTURE_AUTORELEASING = YES;
				CLANG_WARN_BOOL_CONVERSION = YES;
				CLANG_WARN_COMMA = YES;
				CLANG_WARN_CONSTANT_CONVERSION = YES;
				CLANG_WARN_DEPRECATED_OBJC_IMPLEMENTATIONS = YES;
				CLANG_WARN_EMPTY_BODY = YES;
				CLANG_WARN_ENUM_CONVERSION = YES;
				CLANG_WARN_INFINITE_RECURSION = YES;
				CLANG_WARN_INT_CONVERSION = YES;
				CLANG_WARN_NON_LITERAL_NULL_CONVERSION = YES;
				CLANG_WARN_OBJC_IMPLICIT_RETAIN_SELF = YES;
				CLANG_WARN_OBJC_LITERAL_CONVERSION = YES;
				CLANG_WARN_QUOTED_INCLUDE_IN_FRAMEWORK_HEADER = YES;
				CLANG_WARN_RANGE_LOOP_ANALYSIS = YES;
				CLANG_WARN_STRICT_PROTOTYPES = YES;
				CLANG_WARN_SUSPICIOUS_MOVE = YES;
				CLANG_WARN_UNREACHABLE_CODE = YES;
				CLANG_WARN__DUPLICATE_METHOD_MATCH = YES;
				COPY_PHASE_STRIP = NO;
				ENABLE_STRICT_OBJC_MSGSEND = YES;
				ENABLE_TESTABILITY = YES;
				GCC_C_LANGUAGE_STANDARD = gnu99;
				GCC_DYNAMIC_NO_PIC = NO;
				GCC_ENABLE_OBJC_EXCEPTIONS = YES;
				GCC_NO_COMMON_BLOCKS = YES;
				GCC_OPTIMIZATION_LEVEL = 0;
				GCC_PREPROCESSOR_DEFINITIONS = (
					"DEBUG=1",
					"$(inherited)",
				);
				GCC_SYMBOLS_PRIVATE_EXTERN = NO;
				GCC_VERSION = com.apple.compilers.llvm.clang.1_0;
				GCC_WARN_64_TO_32_BIT_CONVERSION = YES;
				GCC_WARN_ABOUT_MISSING_PROTOTYPES = YES;
				GCC_WARN_ABOUT_RETURN_TYPE = YES;
				GCC_WARN_UNDECLARED_SELECTOR = YES;
				GCC_WARN_UNINITIALIZED_AUTOS = YES;
				GCC_WARN_UNUSED_FUNCTION = YES;
				GCC_WARN_UNUSED_VARIABLE = YES;
				MACOSX_DEPLOYMENT_TARGET = 10.7;
				ONLY_ACTIVE_ARCH = YES;
				SDKROOT = macosx;
			};
			name = Debug;
		};
		3735B1EA14D3CF95002B0428 /* Release */ = {
			isa = XCBuildConfiguration;
			buildSettings = {
				ALWAYS_SEARCH_USER_PATHS = NO;
				CLANG_ANALYZER_LOCALIZABILITY_NONLOCALIZED = YES;
				CLANG_WARN_BLOCK_CAPTURE_AUTORELEASING = YES;
				CLANG_WARN_BOOL_CONVERSION = YES;
				CLANG_WARN_COMMA = YES;
				CLANG_WARN_CONSTANT_CONVERSION = YES;
				CLANG_WARN_DEPRECATED_OBJC_IMPLEMENTATIONS = YES;
				CLANG_WARN_EMPTY_BODY = YES;
				CLANG_WARN_ENUM_CONVERSION = YES;
				CLANG_WARN_INFINITE_RECURSION = YES;
				CLANG_WARN_INT_CONVERSION = YES;
				CLANG_WARN_NON_LITERAL_NULL_CONVERSION = YES;
				CLANG_WARN_OBJC_IMPLICIT_RETAIN_SELF = YES;
				CLANG_WARN_OBJC_LITERAL_CONVERSION = YES;
				CLANG_WARN_QUOTED_INCLUDE_IN_FRAMEWORK_HEADER = YES;
				CLANG_WARN_RANGE_LOOP_ANALYSIS = YES;
				CLANG_WARN_STRICT_PROTOTYPES = YES;
				CLANG_WARN_SUSPICIOUS_MOVE = YES;
				CLANG_WARN_UNREACHABLE_CODE = YES;
				CLANG_WARN__DUPLICATE_METHOD_MATCH = YES;
				COPY_PHASE_STRIP = YES;
				DEBUG_INFORMATION_FORMAT = "dwarf-with-dsym";
				ENABLE_STRICT_OBJC_MSGSEND = YES;
				GCC_C_LANGUAGE_STANDARD = gnu99;
				GCC_ENABLE_OBJC_EXCEPTIONS = YES;
				GCC_NO_COMMON_BLOCKS = YES;
				GCC_VERSION = com.apple.compilers.llvm.clang.1_0;
				GCC_WARN_64_TO_32_BIT_CONVERSION = YES;
				GCC_WARN_ABOUT_MISSING_PROTOTYPES = YES;
				GCC_WARN_ABOUT_RETURN_TYPE = YES;
				GCC_WARN_UNDECLARED_SELECTOR = YES;
				GCC_WARN_UNINITIALIZED_AUTOS = YES;
				GCC_WARN_UNUSED_FUNCTION = YES;
				GCC_WARN_UNUSED_VARIABLE = YES;
				MACOSX_DEPLOYMENT_TARGET = 10.7;
				SDKROOT = macosx;
			};
			name = Release;
		};
		3735B1EC14D3CF95002B0428 /* Debug */ = {
			isa = XCBuildConfiguration;
			baseConfigurationReference = 15F0CA009232C3565938D142 /* Pods-Stack Exchange Notifier.debug.xcconfig */;
			buildSettings = {
				CLANG_ENABLE_OBJC_ARC = YES;
				CODE_SIGN_IDENTITY = "-";
				FRAMEWORK_SEARCH_PATHS = (
					"$(inherited)",
					"\"$(SRCROOT)/Stack Exchange Notifier\"",
					"\"$(SRCROOT)\"",
				);
				INFOPLIST_FILE = "Stack Exchange Notifier/Stack Exchange Notifier-Info.plist";
				MACOSX_DEPLOYMENT_TARGET = 10.10;
				PRODUCT_BUNDLE_IDENTIFIER = "com.hewgill.${PRODUCT_NAME:rfc1034identifier}";
				PRODUCT_NAME = "$(TARGET_NAME)";
				SDKROOT = macosx;
				WRAPPER_EXTENSION = app;
			};
			name = Debug;
		};
		3735B1ED14D3CF95002B0428 /* Release */ = {
			isa = XCBuildConfiguration;
			baseConfigurationReference = EC2D3145AA6B5DEA66C673A1 /* Pods-Stack Exchange Notifier.release.xcconfig */;
			buildSettings = {
				CLANG_ENABLE_OBJC_ARC = YES;
				CODE_SIGN_IDENTITY = "-";
				FRAMEWORK_SEARCH_PATHS = (
					"$(inherited)",
					"\"$(SRCROOT)/Stack Exchange Notifier\"",
					"\"$(SRCROOT)\"",
				);
				INFOPLIST_FILE = "Stack Exchange Notifier/Stack Exchange Notifier-Info.plist";
				MACOSX_DEPLOYMENT_TARGET = 10.10;
				PRODUCT_BUNDLE_IDENTIFIER = "com.hewgill.${PRODUCT_NAME:rfc1034identifier}";
				PRODUCT_NAME = "$(TARGET_NAME)";
				SDKROOT = macosx;
				WRAPPER_EXTENSION = app;
			};
			name = Release;
		};
		37F9D60514DFC7B100DA4B70 /* Debug */ = {
			isa = XCBuildConfiguration;
			buildSettings = {
				CLANG_ENABLE_OBJC_WEAK = YES;
				PRODUCT_NAME = "$(TARGET_NAME)";
			};
			name = Debug;
		};
		37F9D60614DFC7B100DA4B70 /* Release */ = {
			isa = XCBuildConfiguration;
			buildSettings = {
				CLANG_ENABLE_OBJC_WEAK = YES;
				PRODUCT_NAME = "$(TARGET_NAME)";
			};
			name = Release;
		};
/* End XCBuildConfiguration section */

/* Begin XCConfigurationList section */
		3735B1B214D3CF94002B0428 /* Build configuration list for PBXProject "Stack Exchange Notifier" */ = {
			isa = XCConfigurationList;
			buildConfigurations = (
				3735B1E914D3CF95002B0428 /* Debug */,
				3735B1EA14D3CF95002B0428 /* Release */,
			);
			defaultConfigurationIsVisible = 0;
			defaultConfigurationName = Release;
		};
		3735B1EB14D3CF95002B0428 /* Build configuration list for PBXNativeTarget "Stack Exchange Notifier" */ = {
			isa = XCConfigurationList;
			buildConfigurations = (
				3735B1EC14D3CF95002B0428 /* Debug */,
				3735B1ED14D3CF95002B0428 /* Release */,
			);
			defaultConfigurationIsVisible = 0;
			defaultConfigurationName = Release;
		};
		37F9D60414DFC7B100DA4B70 /* Build configuration list for PBXAggregateTarget "Stack Exchange Notifier DMG" */ = {
			isa = XCConfigurationList;
			buildConfigurations = (
				37F9D60514DFC7B100DA4B70 /* Debug */,
				37F9D60614DFC7B100DA4B70 /* Release */,
			);
			defaultConfigurationIsVisible = 0;
			defaultConfigurationName = Release;
		};
/* End XCConfigurationList section */
	};
	rootObject = 3735B1AF14D3CF94002B0428 /* Project object */;
}
